<?xml version="1.0" encoding="utf-8"?>
<Project ToolsVersion="18.0" xmlns="http://schemas.microsoft.com/developer/msbuild/2003">
  <ItemGroup>
    <ClCompile Include="D:\server\programmazione\c++\te_tetris\te_tetris\versions\current\src\audio.cpp">
      <Filter>Source Files</Filter>
    </ClCompile>
    <ClCompile Include="D:\server\programmazione\c++\te_tetris\te_tetris\versions\current\src\campo.cpp">
      <Filter>Source Files</Filter>
    </ClCompile>
    <ClCompile Include="D:\server\programmazione\c++\te_tetris\te_tetris\versions\current\src\costanti.cpp">
      <Filter>Source Files</Filter>
    </ClCompile>
    <ClCompile Include="D:\server\programmazione\c++\te_tetris\te_tetris\versions\current\src\gioco.cpp">
      <Filter>Source Files</Filter>
    </ClCompile>
    <ClCompile Include="D:\server\programmazione\c++\te_tetris\te_tetris\versions\current\src\grafica.cpp">
      <Filter>Source Files</Filter>
    </ClCompile>
    <ClCompile Include="D:\server\programmazione\c++\te_tetris\te_tetris\versions\current\src\input.cpp">
      <Filter>Source Files</Filter>
    </ClCompile>
    <ClCompile Include="D:\server\programmazione\c++\te_tetris\te_tetris\versions\current\src\online.cpp">
      <Filter>Source Files</Filter>
    </ClCompile>
    <ClCompile Include="D:\server\programmazione\c++\te_tetris\te_tetris\versions\current\src\punteggio.cpp">
      <Filter>Source Files</Filter>
    </ClCompile>
    <ClCompile Include="D:\server\programmazione\c++\te_tetris\te_tetris\versions\current\src\tetramino.cpp">
      <Filter>Source Files</Filter>
    </ClCompile>
    <ClCompile Include="D:\server\programmazione\c++\te_tetris\te_tetris\versions\current\src\utilita.cpp">
      <Filter>Source Files</Filter>
    </ClCompile>
    <ClCompile Include="D:\server\programmazione\c++\te_tetris\te_tetris\versions\current\main.cpp">
      <Filter>Source Files</Filter>
    </ClCompile>
  </ItemGroup>
  <ItemGroup>
    <CustomBuild Include="D:\server\programmazione\c++\te_tetris\te_tetris\CMakeLists.txt" />
  </ItemGroup>
  <ItemGroup>
    <Filter Include="Source Files">
      <UniqueIdentifier>{F4B18201-AFDA-3639-B1B8-070E0E4B6D4B}</UniqueIdentifier>
    </Filter>
  </ItemGroup>
</Project>
